
Microsoft Visual Studio Solution File, Format Version 12.00
# Visual Studio Version 16
VisualStudioVersion = 16.0.29319.158
MinimumVisualStudioVersion = 10.0.40219.1
Project("{9A19103F-16F7-4668-BE54-9A1E7A4F7556}") = "HarrisPharmacy.App", "HarrisPharamacy.App\HarrisPharmacy.App.csproj", "{5F00CD33-6D93-46F9-A1ED-2EF239D566EF}"
EndProject
Project("{9A19103F-16F7-4668-BE54-9A1E7A4F7556}") = "HarrisPharmacy.UnitTests", "HarrisPharmacy.UnitTests\HarrisPharmacy.UnitTests.csproj", "{76B4E4F6-BB0B-4B55-8FEE-16484039CE61}"
EndProject
Project("{9A19103F-16F7-4668-BE54-9A1E7A4F7556}") = "HarrisPharmacy.IntegrationTests", "HarrisPharamacy.IntegrationTests\HarrisPharmacy.IntegrationTests.csproj", "{9D44F255-198A-4C8B-8103-E577F1C7FF8B}"
EndProject
Project("{9A19103F-16F7-4668-BE54-9A1E7A4F7556}") = "HarrisPharmacy.Data", "HarrisPharmacy.Data\HarrisPharmacy.Data.csproj", "{0116B918-637B-4C7A-A037-39DEE215BD0B}"
EndProject
Project("{9A19103F-16F7-4668-BE54-9A1E7A4F7556}") = "HarrisPharmacy.API", "HarrisPharmacy.API\HarrisPharmacy.API.csproj", "{77EC6D9E-2F6F-4A80-B55F-D05F779DDBD8}"
EndProject
Project("{9A19103F-16F7-4668-BE54-9A1E7A4F7556}") = "WebApplication1", "..\..\..\WebApplication1\WebApplication1\WebApplication1.csproj", "{5704C740-77D8-4196-88B2-F0D5B8DAE0EB}"
EndProject
Global
	GlobalSection(SolutionConfigurationPlatforms) = preSolution
		Debug|Any CPU = Debug|Any CPU
		Release|Any CPU = Release|Any CPU
	EndGlobalSection
	GlobalSection(ProjectConfigurationPlatforms) = postSolution
		{5F00CD33-6D93-46F9-A1ED-2EF239D566EF}.Debug|Any CPU.ActiveCfg = Debug|Any CPU
		{5F00CD33-6D93-46F9-A1ED-2EF239D566EF}.Debug|Any CPU.Build.0 = Debug|Any CPU
		{5F00CD33-6D93-46F9-A1ED-2EF239D566EF}.Release|Any CPU.ActiveCfg = Release|Any CPU
		{5F00CD33-6D93-46F9-A1ED-2EF239D566EF}.Release|Any CPU.Build.0 = Release|Any CPU
		{76B4E4F6-BB0B-4B55-8FEE-16484039CE61}.Debug|Any CPU.ActiveCfg = Debug|Any CPU
		{76B4E4F6-BB0B-4B55-8FEE-16484039CE61}.Debug|Any CPU.Build.0 = Debug|Any CPU
		{76B4E4F6-BB0B-4B55-8FEE-16484039CE61}.Release|Any CPU.ActiveCfg = Release|Any CPU
		{76B4E4F6-BB0B-4B55-8FEE-16484039CE61}.Release|Any CPU.Build.0 = Release|Any CPU
		{9D44F255-198A-4C8B-8103-E577F1C7FF8B}.Debug|Any CPU.ActiveCfg = Debug|Any CPU
		{9D44F255-198A-4C8B-8103-E577F1C7FF8B}.Debug|Any CPU.Build.0 = Debug|Any CPU
		{9D44F255-198A-4C8B-8103-E577F1C7FF8B}.Release|Any CPU.ActiveCfg = Release|Any CPU
		{9D44F255-198A-4C8B-8103-E577F1C7FF8B}.Release|Any CPU.Build.0 = Release|Any CPU
		{0116B918-637B-4C7A-A037-39DEE215BD0B}.Debug|Any CPU.ActiveCfg = Debug|Any CPU
		{0116B918-637B-4C7A-A037-39DEE215BD0B}.Debug|Any CPU.Build.0 = Debug|Any CPU
		{0116B918-637B-4C7A-A037-39DEE215BD0B}.Release|Any CPU.ActiveCfg = Release|Any CPU
		{0116B918-637B-4C7A-A037-39DEE215BD0B}.Release|Any CPU.Build.0 = Release|Any CPU
		{77EC6D9E-2F6F-4A80-B55F-D05F779DDBD8}.Debug|Any CPU.ActiveCfg = Debug|Any CPU
		{77EC6D9E-2F6F-4A80-B55F-D05F779DDBD8}.Debug|Any CPU.Build.0 = Debug|Any CPU
		{77EC6D9E-2F6F-4A80-B55F-D05F779DDBD8}.Release|Any CPU.ActiveCfg = Release|Any CPU
		{77EC6D9E-2F6F-4A80-B55F-D05F779DDBD8}.Release|Any CPU.Build.0 = Release|Any CPU
		{5704C740-77D8-4196-88B2-F0D5B8DAE0EB}.Debug|Any CPU.ActiveCfg = Debug|Any CPU
		{5704C740-77D8-4196-88B2-F0D5B8DAE0EB}.Debug|Any CPU.Build.0 = Debug|Any CPU
		{5704C740-77D8-4196-88B2-F0D5B8DAE0EB}.Release|Any CPU.ActiveCfg = Release|Any CPU
		{5704C740-77D8-4196-88B2-F0D5B8DAE0EB}.Release|Any CPU.Build.0 = Release|Any CPU
	EndGlobalSection
	GlobalSection(SolutionProperties) = preSolution
		HideSolutionNode = FALSE
	EndGlobalSection
	GlobalSection(ExtensibilityGlobals) = postSolution
		SolutionGuid = {5A6FE09D-31C7-4DD6-8A1A-2A532D9655B5}
	EndGlobalSection
EndGlobal
